// !$*UTF8*$!
{
	archiveVersion = 1;
	classes = {
	};
	objectVersion = 56;
	objects = {

/* Begin PBXBuildFile section */
		259E47E72B5DD41F00FC7FE5 /* TippyApp.swift in Sources */ = {isa = PBXBuildFile; fileRef = 259E47E62B5DD41F00FC7FE5 /* TippyApp.swift */; };
		259E47E92B5DD41F00FC7FE5 /* ContentView.swift in Sources */ = {isa = PBXBuildFile; fileRef = 259E47E82B5DD41F00FC7FE5 /* ContentView.swift */; };
		259E47EB2B5DD42100FC7FE5 /* Assets.xcassets in Resources */ = {isa = PBXBuildFile; fileRef = 259E47EA2B5DD42100FC7FE5 /* Assets.xcassets */; };
		259E47EE2B5DD42100FC7FE5 /* Preview Assets.xcassets in Resources */ = {isa = PBXBuildFile; fileRef = 259E47ED2B5DD42100FC7FE5 /* Preview Assets.xcassets */; };
		259E47F82B5DD42100FC7FE5 /* TippyTests.swift in Sources */ = {isa = PBXBuildFile; fileRef = 259E47F72B5DD42100FC7FE5 /* TippyTests.swift */; };
		259E48022B5DD42100FC7FE5 /* TippyUITests.swift in Sources */ = {isa = PBXBuildFile; fileRef = 259E48012B5DD42100FC7FE5 /* TippyUITests.swift */; };
		259E48042B5DD42100FC7FE5 /* TippyUITestsLaunchTests.swift in Sources */ = {isa = PBXBuildFile; fileRef = 259E48032B5DD42100FC7FE5 /* TippyUITestsLaunchTests.swift */; };
		259E48172B5DF0C500FC7FE5 /* ViewOn25.swift in Sources */ = {isa = PBXBuildFile; fileRef = 259E48162B5DF0C500FC7FE5 /* ViewOn25.swift */; };
		259E48192B5DF60300FC7FE5 /* ViewOn15.swift in Sources */ = {isa = PBXBuildFile; fileRef = 259E48182B5DF60300FC7FE5 /* ViewOn15.swift */; };
		259E481B2B5DF67600FC7FE5 /* ViewOn20.swift in Sources */ = {isa = PBXBuildFile; fileRef = 259E481A2B5DF67600FC7FE5 /* ViewOn20.swift */; };
		259E481D2B5DF74300FC7FE5 /* ViewOnCustom.swift in Sources */ = {isa = PBXBuildFile; fileRef = 259E481C2B5DF74300FC7FE5 /* ViewOnCustom.swift */; };
		259E481F2B5DF84700FC7FE5 /* ViewOnNo.swift in Sources */ = {isa = PBXBuildFile; fileRef = 259E481E2B5DF84700FC7FE5 /* ViewOnNo.swift */; };
		259E48222B5DFAEB00FC7FE5 /* whistle.mp4 in Resources */ = {isa = PBXBuildFile; fileRef = 259E48212B5DFAEB00FC7FE5 /* whistle.mp4 */; };
		259E48262B5DFC1200FC7FE5 /* jumpscare.mp4 in Resources */ = {isa = PBXBuildFile; fileRef = 259E48252B5DFC1200FC7FE5 /* jumpscare.mp4 */; };
		259E48282B5E032200FC7FE5 /* SwiftUIView.swift in Sources */ = {isa = PBXBuildFile; fileRef = 259E48272B5E032200FC7FE5 /* SwiftUIView.swift */; };
		259E482E2B5E0FEB00FC7FE5 /* waiting.mp3 in Resources */ = {isa = PBXBuildFile; fileRef = 259E482D2B5E0FEB00FC7FE5 /* waiting.mp3 */; };
		259E48302B5E105600FC7FE5 /* bad.mp3 in Resources */ = {isa = PBXBuildFile; fileRef = 259E482F2B5E105600FC7FE5 /* bad.mp3 */; };
		259E48322B5E105A00FC7FE5 /* slay.mp3 in Resources */ = {isa = PBXBuildFile; fileRef = 259E48312B5E105A00FC7FE5 /* slay.mp3 */; };
		259E48342B5E106100FC7FE5 /* mid.mp3 in Resources */ = {isa = PBXBuildFile; fileRef = 259E48332B5E106100FC7FE5 /* mid.mp3 */; };
/* End PBXBuildFile section */

/* Begin PBXContainerItemProxy section */
		259E47F42B5DD42100FC7FE5 /* PBXContainerItemProxy */ = {
			isa = PBXContainerItemProxy;
			containerPortal = 259E47DB2B5DD41F00FC7FE5 /* Project object */;
			proxyType = 1;
			remoteGlobalIDString = 259E47E22B5DD41F00FC7FE5;
			remoteInfo = Tippy;
		};
		259E47FE2B5DD42100FC7FE5 /* PBXContainerItemProxy */ = {
			isa = PBXContainerItemProxy;
			containerPortal = 259E47DB2B5DD41F00FC7FE5 /* Project object */;
			proxyType = 1;
			remoteGlobalIDString = 259E47E22B5DD41F00FC7FE5;
			remoteInfo = Tippy;
		};
/* End PBXContainerItemProxy section */

/* Begin PBXFileReference section */
		259E47E32B5DD41F00FC7FE5 /* Tippy.app */ = {isa = PBXFileReference; explicitFileType = wrapper.application; includeInIndex = 0; path = Tippy.app; sourceTree = BUILT_PRODUCTS_DIR; };
		259E47E62B5DD41F00FC7FE5 /* TippyApp.swift */ = {isa = PBXFileReference; lastKnownFileType = sourcecode.swift; path = TippyApp.swift; sourceTree = "<group>"; };
		259E47E82B5DD41F00FC7FE5 /* ContentView.swift */ = {isa = PBXFileReference; lastKnownFileType = sourcecode.swift; path = ContentView.swift; sourceTree = "<group>"; };
		259E47EA2B5DD42100FC7FE5 /* Assets.xcassets */ = {isa = PBXFileReference; lastKnownFileType = folder.assetcatalog; path = Assets.xcassets; sourceTree = "<group>"; };
		259E47ED2B5DD42100FC7FE5 /* Preview Assets.xcassets */ = {isa = PBXFileReference; lastKnownFileType = folder.assetcatalog; path = "Preview Assets.xcassets"; sourceTree = "<group>"; };
		259E47F32B5DD42100FC7FE5 /* TippyTests.xctest */ = {isa = PBXFileReference; explicitFileType = wrapper.cfbundle; includeInIndex = 0; path = TippyTests.xctest; sourceTree = BUILT_PRODUCTS_DIR; };
		259E47F72B5DD42100FC7FE5 /* TippyTests.swift */ = {isa = PBXFileReference; lastKnownFileType = sourcecode.swift; path = TippyTests.swift; sourceTree = "<group>"; };
		259E47FD2B5DD42100FC7FE5 /* TippyUITests.xctest */ = {isa = PBXFileReference; explicitFileType = wrapper.cfbundle; includeInIndex = 0; path = TippyUITests.xctest; sourceTree = BUILT_PRODUCTS_DIR; };
		259E48012B5DD42100FC7FE5 /* TippyUITests.swift */ = {isa = PBXFileReference; lastKnownFileType = sourcecode.swift; path = TippyUITests.swift; sourceTree = "<group>"; };
		259E48032B5DD42100FC7FE5 /* TippyUITestsLaunchTests.swift */ = {isa = PBXFileReference; lastKnownFileType = sourcecode.swift; path = TippyUITestsLaunchTests.swift; sourceTree = "<group>"; };
		259E48162B5DF0C500FC7FE5 /* ViewOn25.swift */ = {isa = PBXFileReference; lastKnownFileType = sourcecode.swift; path = ViewOn25.swift; sourceTree = "<group>"; };
		259E48182B5DF60300FC7FE5 /* ViewOn15.swift */ = {isa = PBXFileReference; lastKnownFileType = sourcecode.swift; path = ViewOn15.swift; sourceTree = "<group>"; };
		259E481A2B5DF67600FC7FE5 /* ViewOn20.swift */ = {isa = PBXFileReference; lastKnownFileType = sourcecode.swift; path = ViewOn20.swift; sourceTree = "<group>"; };
		259E481C2B5DF74300FC7FE5 /* ViewOnCustom.swift */ = {isa = PBXFileReference; lastKnownFileType = sourcecode.swift; path = ViewOnCustom.swift; sourceTree = "<group>"; };
		259E481E2B5DF84700FC7FE5 /* ViewOnNo.swift */ = {isa = PBXFileReference; lastKnownFileType = sourcecode.swift; path = ViewOnNo.swift; sourceTree = "<group>"; };
		259E48212B5DFAEB00FC7FE5 /* whistle.mp4 */ = {isa = PBXFileReference; lastKnownFileType = file; name = whistle.mp4; path = ../../../Downloads/whistle.mp4; sourceTree = "<group>"; };
		259E48252B5DFC1200FC7FE5 /* jumpscare.mp4 */ = {isa = PBXFileReference; lastKnownFileType = file; name = jumpscare.mp4; path = ../../../Downloads/jumpscare.mp4; sourceTree = "<group>"; };
		259E48272B5E032200FC7FE5 /* SwiftUIView.swift */ = {isa = PBXFileReference; lastKnownFileType = sourcecode.swift; path = SwiftUIView.swift; sourceTree = "<group>"; };
		259E482D2B5E0FEB00FC7FE5 /* waiting.mp3 */ = {isa = PBXFileReference; lastKnownFileType = audio.mp3; name = waiting.mp3; path = ../../../Downloads/waiting.mp3; sourceTree = "<group>"; };
		259E482F2B5E105600FC7FE5 /* bad.mp3 */ = {isa = PBXFileReference; lastKnownFileType = audio.mp3; name = bad.mp3; path = ../../../Downloads/bad.mp3; sourceTree = "<group>"; };
		259E48312B5E105A00FC7FE5 /* slay.mp3 */ = {isa = PBXFileReference; lastKnownFileType = audio.mp3; name = slay.mp3; path = ../../../Downloads/slay.mp3; sourceTree = "<group>"; };
		259E48332B5E106100FC7FE5 /* mid.mp3 */ = {isa = PBXFileReference; lastKnownFileType = audio.mp3; name = mid.mp3; path = ../../../Downloads/mid.mp3; sourceTree = "<group>"; };
/* End PBXFileReference section */

/* Begin PBXFrameworksBuildPhase section */
		259E47E02B5DD41F00FC7FE5 /* Frameworks */ = {
			isa = PBXFrameworksBuildPhase;
			buildActionMask = 2147483647;
			files = (
			);
			runOnlyForDeploymentPostprocessing = 0;
		};
		259E47F02B5DD42100FC7FE5 /* Frameworks */ = {
			isa = PBXFrameworksBuildPhase;
			buildActionMask = 2147483647;
			files = (
			);
			runOnlyForDeploymentPostprocessing = 0;
		};
		259E47FA2B5DD42100FC7FE5 /* Frameworks */ = {
			isa = PBXFrameworksBuildPhase;
			buildActionMask = 2147483647;
			files = (
			);
			runOnlyForDeploymentPostprocessing = 0;
		};
/* End PBXFrameworksBuildPhase section */

/* Begin PBXGroup section */
		259E47DA2B5DD41F00FC7FE5 = {
			isa = PBXGroup;
			children = (
				259E47E52B5DD41F00FC7FE5 /* Tippy */,
				259E47F62B5DD42100FC7FE5 /* TippyTests */,
				259E48002B5DD42100FC7FE5 /* TippyUITests */,
				259E47E42B5DD41F00FC7FE5 /* Products */,
			);
			sourceTree = "<group>";
		};
		259E47E42B5DD41F00FC7FE5 /* Products */ = {
			isa = PBXGroup;
			children = (
				259E47E32B5DD41F00FC7FE5 /* Tippy.app */,
				259E47F32B5DD42100FC7FE5 /* TippyTests.xctest */,
				259E47FD2B5DD42100FC7FE5 /* TippyUITests.xctest */,
			);
			name = Products;
			sourceTree = "<group>";
		};
		259E47E52B5DD41F00FC7FE5 /* Tippy */ = {
			isa = PBXGroup;
			children = (
				259E47E62B5DD41F00FC7FE5 /* TippyApp.swift */,
				259E47E82B5DD41F00FC7FE5 /* ContentView.swift */,
				259E48272B5E032200FC7FE5 /* SwiftUIView.swift */,
				259E48162B5DF0C500FC7FE5 /* ViewOn25.swift */,
				259E481A2B5DF67600FC7FE5 /* ViewOn20.swift */,
				259E48182B5DF60300FC7FE5 /* ViewOn15.swift */,
				259E481C2B5DF74300FC7FE5 /* ViewOnCustom.swift */,
				259E481E2B5DF84700FC7FE5 /* ViewOnNo.swift */,
				259E482D2B5E0FEB00FC7FE5 /* waiting.mp3 */,
				259E482F2B5E105600FC7FE5 /* bad.mp3 */,
				259E48332B5E106100FC7FE5 /* mid.mp3 */,
				259E48312B5E105A00FC7FE5 /* slay.mp3 */,
				259E48212B5DFAEB00FC7FE5 /* whistle.mp4 */,
				259E48252B5DFC1200FC7FE5 /* jumpscare.mp4 */,
				259E47EA2B5DD42100FC7FE5 /* Assets.xcassets */,
				259E47EC2B5DD42100FC7FE5 /* Preview Content */,
			);
			path = Tippy;
			sourceTree = "<group>";
		};
		259E47EC2B5DD42100FC7FE5 /* Preview Content */ = {
			isa = PBXGroup;
			children = (
				259E47ED2B5DD42100FC7FE5 /* Preview Assets.xcassets */,
			);
			path = "Preview Content";
			sourceTree = "<group>";
		};
		259E47F62B5DD42100FC7FE5 /* TippyTests */ = {
			isa = PBXGroup;
			children = (
				259E47F72B5DD42100FC7FE5 /* TippyTests.swift */,
			);
			path = TippyTests;
			sourceTree = "<group>";
		};
		259E48002B5DD42100FC7FE5 /* TippyUITests */ = {
			isa = PBXGroup;
			children = (
				259E48012B5DD42100FC7FE5 /* TippyUITests.swift */,
				259E48032B5DD42100FC7FE5 /* TippyUITestsLaunchTests.swift */,
			);
			path = TippyUITests;
			sourceTree = "<group>";
		};
/* End PBXGroup section */

/* Begin PBXNativeTarget section */
		259E47E22B5DD41F00FC7FE5 /* Tippy */ = {
			isa = PBXNativeTarget;
			buildConfigurationList = 259E48072B5DD42100FC7FE5 /* Build configuration list for PBXNativeTarget "Tippy" */;
			buildPhases = (
				259E47DF2B5DD41F00FC7FE5 /* Sources */,
				259E47E02B5DD41F00FC7FE5 /* Frameworks */,
				259E47E12B5DD41F00FC7FE5 /* Resources */,
			);
			buildRules = (
			);
			dependencies = (
			);
			name = Tippy;
			productName = Tippy;
			productReference = 259E47E32B5DD41F00FC7FE5 /* Tippy.app */;
			productType = "com.apple.product-type.application";
		};
		259E47F22B5DD42100FC7FE5 /* TippyTests */ = {
			isa = PBXNativeTarget;
			buildConfigurationList = 259E480A2B5DD42100FC7FE5 /* Build configuration list for PBXNativeTarget "TippyTests" */;
			buildPhases = (
				259E47EF2B5DD42100FC7FE5 /* Sources */,
				259E47F02B5DD42100FC7FE5 /* Frameworks */,
				259E47F12B5DD42100FC7FE5 /* Resources */,
			);
			buildRules = (
			);
			dependencies = (
				259E47F52B5DD42100FC7FE5 /* PBXTargetDependency */,
			);
			name = TippyTests;
			productName = TippyTests;
			productReference = 259E47F32B5DD42100FC7FE5 /* TippyTests.xctest */;
			productType = "com.apple.product-type.bundle.unit-test";
		};
		259E47FC2B5DD42100FC7FE5 /* TippyUITests */ = {
			isa = PBXNativeTarget;
			buildConfigurationList = 259E480D2B5DD42100FC7FE5 /* Build configuration list for PBXNativeTarget "TippyUITests" */;
			buildPhases = (
				259E47F92B5DD42100FC7FE5 /* Sources */,
				259E47FA2B5DD42100FC7FE5 /* Frameworks */,
				259E47FB2B5DD42100FC7FE5 /* Resources */,
			);
			buildRules = (
			);
			dependencies = (
				259E47FF2B5DD42100FC7FE5 /* PBXTargetDependency */,
			);
			name = TippyUITests;
			productName = TippyUITests;
			productReference = 259E47FD2B5DD42100FC7FE5 /* TippyUITests.xctest */;
			productType = "com.apple.product-type.bundle.ui-testing";
		};
/* End PBXNativeTarget section */

/* Begin PBXProject section */
		259E47DB2B5DD41F00FC7FE5 /* Project object */ = {
			isa = PBXProject;
			attributes = {
				BuildIndependentTargetsInParallel = 1;
				LastSwiftUpdateCheck = 1520;
				LastUpgradeCheck = 1520;
				TargetAttributes = {
					259E47E22B5DD41F00FC7FE5 = {
						CreatedOnToolsVersion = 15.2;
					};
					259E47F22B5DD42100FC7FE5 = {
						CreatedOnToolsVersion = 15.2;
						TestTargetID = 259E47E22B5DD41F00FC7FE5;
					};
					259E47FC2B5DD42100FC7FE5 = {
						CreatedOnToolsVersion = 15.2;
						TestTargetID = 259E47E22B5DD41F00FC7FE5;
					};
				};
			};
			buildConfigurationList = 259E47DE2B5DD41F00FC7FE5 /* Build configuration list for PBXProject "Tippy" */;
			compatibilityVersion = "Xcode 14.0";
			developmentRegion = en;
			hasScannedForEncodings = 0;
			knownRegions = (
				en,
				Base,
			);
			mainGroup = 259E47DA2B5DD41F00FC7FE5;
			productRefGroup = 259E47E42B5DD41F00FC7FE5 /* Products */;
			projectDirPath = "";
			projectRoot = "";
			targets = (
				259E47E22B5DD41F00FC7FE5 /* Tippy */,
				259E47F22B5DD42100FC7FE5 /* TippyTests */,
				259E47FC2B5DD42100FC7FE5 /* TippyUITests */,
			);
		};
/* End PBXProject section */

/* Begin PBXResourcesBuildPhase section */
		259E47E12B5DD41F00FC7FE5 /* Resources */ = {
			isa = PBXResourcesBuildPhase;
			buildActionMask = 2147483647;
			files = (
				259E48302B5E105600FC7FE5 /* bad.mp3 in Resources */,
				259E47EE2B5DD42100FC7FE5 /* Preview Assets.xcassets in Resources */,
				259E47EB2B5DD42100FC7FE5 /* Assets.xcassets in Resources */,
				259E48262B5DFC1200FC7FE5 /* jumpscare.mp4 in Resources */,
				259E482E2B5E0FEB00FC7FE5 /* waiting.mp3 in Resources */,
				259E48322B5E105A00FC7FE5 /* slay.mp3 in Resources */,
				259E48222B5DFAEB00FC7FE5 /* whistle.mp4 in Resources */,
				259E48342B5E106100FC7FE5 /* mid.mp3 in Resources */,
			);
			runOnlyForDeploymentPostprocessing = 0;
		};
		259E47F12B5DD42100FC7FE5 /* Resources */ = {
			isa = PBXResourcesBuildPhase;
			buildActionMask = 2147483647;
			files = (
			);
			runOnlyForDeploymentPostprocessing = 0;
		};
		259E47FB2B5DD42100FC7FE5 /* Resources */ = {
			isa = PBXResourcesBuildPhase;
			buildActionMask = 2147483647;
			files = (
			);
			runOnlyForDeploymentPostprocessing = 0;
		};
/* End PBXResourcesBuildPhase section */

/* Begin PBXSourcesBuildPhase section */
		259E47DF2B5DD41F00FC7FE5 /* Sources */ = {
			isa = PBXSourcesBuildPhase;
			buildActionMask = 2147483647;
			files = (
				259E48172B5DF0C500FC7FE5 /* ViewOn25.swift in Sources */,
				259E47E92B5DD41F00FC7FE5 /* ContentView.swift in Sources */,
				259E48282B5E032200FC7FE5 /* SwiftUIView.swift in Sources */,
				259E48192B5DF60300FC7FE5 /* ViewOn15.swift in Sources */,
				259E481B2B5DF67600FC7FE5 /* ViewOn20.swift in Sources */,
				259E481D2B5DF74300FC7FE5 /* ViewOnCustom.swift in Sources */,
				259E481F2B5DF84700FC7FE5 /* ViewOnNo.swift in Sources */,
				259E47E72B5DD41F00FC7FE5 /* TippyApp.swift in Sources */,
			);
			runOnlyForDeploymentPostprocessing = 0;
		};
		259E47EF2B5DD42100FC7FE5 /* Sources */ = {
			isa = PBXSourcesBuildPhase;
			buildActionMask = 2147483647;
			files = (
				259E47F82B5DD42100FC7FE5 /* TippyTests.swift in Sources */,
			);
			runOnlyForDeploymentPostprocessing = 0;
		};
		259E47F92B5DD42100FC7FE5 /* Sources */ = {
			isa = PBXSourcesBuildPhase;
			buildActionMask = 2147483647;
			files = (
				259E48022B5DD42100FC7FE5 /* TippyUITests.swift in Sources */,
				259E48042B5DD42100FC7FE5 /* TippyUITestsLaunchTests.swift in Sources */,
			);
			runOnlyForDeploymentPostprocessing = 0;
		};
/* End PBXSourcesBuildPhase section */

/* Begin PBXTargetDependency section */
		259E47F52B5DD42100FC7FE5 /* PBXTargetDependency */ = {
			isa = PBXTargetDependency;
			target = 259E47E22B5DD41F00FC7FE5 /* Tippy */;
			targetProxy = 259E47F42B5DD42100FC7FE5 /* PBXContainerItemProxy */;
		};
		259E47FF2B5DD42100FC7FE5 /* PBXTargetDependency */ = {
			isa = PBXTargetDependency;
			target = 259E47E22B5DD41F00FC7FE5 /* Tippy */;
			targetProxy = 259E47FE2B5DD42100FC7FE5 /* PBXContainerItemProxy */;
		};
/* End PBXTargetDependency section */

/* Begin XCBuildConfiguration section */
		259E48052B5DD42100FC7FE5 /* Debug */ = {
			isa = XCBuildConfiguration;
			buildSettings = {
				ALWAYS_SEARCH_USER_PATHS = NO;
				ASSETCATALOG_COMPILER_GENERATE_SWIFT_ASSET_SYMBOL_EXTENSIONS = YES;
				CLANG_ANALYZER_NONNULL = YES;
				CLANG_ANALYZER_NUMBER_OBJECT_CONVERSION = YES_AGGRESSIVE;
				CLANG_CXX_LANGUAGE_STANDARD = "gnu++20";
				CLANG_ENABLE_MODULES = YES;
				CLANG_ENABLE_OBJC_ARC = YES;
				CLANG_ENABLE_OBJC_WEAK = YES;
				CLANG_WARN_BLOCK_CAPTURE_AUTORELEASING = YES;
				CLANG_WARN_BOOL_CONVERSION = YES;
				CLANG_WARN_COMMA = YES;
				CLANG_WARN_CONSTANT_CONVERSION = YES;
				CLANG_WARN_DEPRECATED_OBJC_IMPLEMENTATIONS = YES;
				CLANG_WARN_DIRECT_OBJC_ISA_USAGE = YES_ERROR;
				CLANG_WARN_DOCUMENTATION_COMMENTS = YES;
				CLANG_WARN_EMPTY_BODY = YES;
				CLANG_WARN_ENUM_CONVERSION = YES;
				CLANG_WARN_INFINITE_RECURSION = YES;
				CLANG_WARN_INT_CONVERSION = YES;
				CLANG_WARN_NON_LITERAL_NULL_CONVERSION = YES;
				CLANG_WARN_OBJC_IMPLICIT_RETAIN_SELF = YES;
				CLANG_WARN_OBJC_LITERAL_CONVERSION = YES;
				CLANG_WARN_OBJC_ROOT_CLASS = YES_ERROR;
				CLANG_WARN_QUOTED_INCLUDE_IN_FRAMEWORK_HEADER = YES;
				CLANG_WARN_RANGE_LOOP_ANALYSIS = YES;
				CLANG_WARN_STRICT_PROTOTYPES = YES;
				CLANG_WARN_SUSPICIOUS_MOVE = YES;
				CLANG_WARN_UNGUARDED_AVAILABILITY = YES_AGGRESSIVE;
				CLANG_WARN_UNREACHABLE_CODE = YES;
				CLANG_WARN__DUPLICATE_METHOD_MATCH = YES;
				COPY_PHASE_STRIP = NO;
				DEBUG_INFORMATION_FORMAT = dwarf;
				ENABLE_STRICT_OBJC_MSGSEND = YES;
				ENABLE_TESTABILITY = YES;
				ENABLE_USER_SCRIPT_SANDBOXING = YES;
				GCC_C_LANGUAGE_STANDARD = gnu17;
				GCC_DYNAMIC_NO_PIC = NO;
				GCC_NO_COMMON_BLOCKS = YES;
				GCC_OPTIMIZATION_LEVEL = 0;
				GCC_PREPROCESSOR_DEFINITIONS = (
					"DEBUG=1",
					"$(inherited)",
				);
				GCC_WARN_64_TO_32_BIT_CONVERSION = YES;
				GCC_WARN_ABOUT_RETURN_TYPE = YES_ERROR;
				GCC_WARN_UNDECLARED_SELECTOR = YES;
				GCC_WARN_UNINITIALIZED_AUTOS = YES_AGGRESSIVE;
				GCC_WARN_UNUSED_FUNCTION = YES;
				GCC_WARN_UNUSED_VARIABLE = YES;
				IPHONEOS_DEPLOYMENT_TARGET = 17.2;
				LOCALIZATION_PREFERS_STRING_CATALOGS = YES;
				MTL_ENABLE_DEBUG_INFO = INCLUDE_SOURCE;
				MTL_FAST_MATH = YES;
				ONLY_ACTIVE_ARCH = YES;
				SDKROOT = iphoneos;
				SWIFT_ACTIVE_COMPILATION_CONDITIONS = "DEBUG $(inherited)";
				SWIFT_OPTIMIZATION_LEVEL = "-Onone";
			};
			name = Debug;
		};
		259E48062B5DD42100FC7FE5 /* Release */ = {
			isa = XCBuildConfiguration;
			buildSettings = {
				ALWAYS_SEARCH_USER_PATHS = NO;
				ASSETCATALOG_COMPILER_GENERATE_SWIFT_ASSET_SYMBOL_EXTENSIONS = YES;
				CLANG_ANALYZER_NONNULL = YES;
				CLANG_ANALYZER_NUMBER_OBJECT_CONVERSION = YES_AGGRESSIVE;
				CLANG_CXX_LANGUAGE_STANDARD = "gnu++20";
				CLANG_ENABLE_MODULES = YES;
				CLANG_ENABLE_OBJC_ARC = YES;
				CLANG_ENABLE_OBJC_WEAK = YES;
				CLANG_WARN_BLOCK_CAPTURE_AUTORELEASING = YES;
				CLANG_WARN_BOOL_CONVERSION = YES;
				CLANG_WARN_COMMA = YES;
				CLANG_WARN_CONSTANT_CONVERSION = YES;
				CLANG_WARN_DEPRECATED_OBJC_IMPLEMENTATIONS = YES;
				CLANG_WARN_DIRECT_OBJC_ISA_USAGE = YES_ERROR;
				CLANG_WARN_DOCUMENTATION_COMMENTS = YES;
				CLANG_WARN_EMPTY_BODY = YES;
				CLANG_WARN_ENUM_CONVERSION = YES;
				CLANG_WARN_INFINITE_RECURSION = YES;
				CLANG_WARN_INT_CONVERSION = YES;
				CLANG_WARN_NON_LITERAL_NULL_CONVERSION = YES;
				CLANG_WARN_OBJC_IMPLICIT_RETAIN_SELF = YES;
				CLANG_WARN_OBJC_LITERAL_CONVERSION = YES;
				CLANG_WARN_OBJC_ROOT_CLASS = YES_ERROR;
				CLANG_WARN_QUOTED_INCLUDE_IN_FRAMEWORK_HEADER = YES;
				CLANG_WARN_RANGE_LOOP_ANALYSIS = YES;
				CLANG_WARN_STRICT_PROTOTYPES = YES;
				CLANG_WARN_SUSPICIOUS_MOVE = YES;
				CLANG_WARN_UNGUARDED_AVAILABILITY = YES_AGGRESSIVE;
				CLANG_WARN_UNREACHABLE_CODE = YES;
				CLANG_WARN__DUPLICATE_METHOD_MATCH = YES;
				COPY_PHASE_STRIP = NO;
				DEBUG_INFORMATION_FORMAT = "dwarf-with-dsym";
				ENABLE_NS_ASSERTIONS = NO;
				ENABLE_STRICT_OBJC_MSGSEND = YES;
				ENABLE_USER_SCRIPT_SANDBOXING = YES;
				GCC_C_LANGUAGE_STANDARD = gnu17;
				GCC_NO_COMMON_BLOCKS = YES;
				GCC_WARN_64_TO_32_BIT_CONVERSION = YES;
				GCC_WARN_ABOUT_RETURN_TYPE = YES_ERROR;
				GCC_WARN_UNDECLARED_SELECTOR = YES;
				GCC_WARN_UNINITIALIZED_AUTOS = YES_AGGRESSIVE;
				GCC_WARN_UNUSED_FUNCTION = YES;
				GCC_WARN_UNUSED_VARIABLE = YES;
				IPHONEOS_DEPLOYMENT_TARGET = 17.2;
				LOCALIZATION_PREFERS_STRING_CATALOGS = YES;
				MTL_ENABLE_DEBUG_INFO = NO;
				MTL_FAST_MATH = YES;
				SDKROOT = iphoneos;
				SWIFT_COMPILATION_MODE = wholemodule;
				VALIDATE_PRODUCT = YES;
			};
			name = Release;
		};
		259E48082B5DD42100FC7FE5 /* Debug */ = {
			isa = XCBuildConfiguration;
			buildSettings = {
				ASSETCATALOG_COMPILER_APPICON_NAME = AppIcon;
				ASSETCATALOG_COMPILER_GLOBAL_ACCENT_COLOR_NAME = AccentColor;
				CODE_SIGN_STYLE = Automatic;
				CURRENT_PROJECT_VERSION = 1;
				DEVELOPMENT_ASSET_PATHS = "\"Tippy/Preview Content\"";
				DEVELOPMENT_TEAM = S2NZ6Z2S5D;
				ENABLE_PREVIEWS = YES;
				GENERATE_INFOPLIST_FILE = YES;
				INFOPLIST_KEY_LSApplicationCategoryType = "public.app-category.simulation-games";
				INFOPLIST_KEY_UIApplicationSceneManifest_Generation = YES;
				INFOPLIST_KEY_UIApplicationSupportsIndirectInputEvents = YES;
				INFOPLIST_KEY_UILaunchScreen_Generation = YES;
				INFOPLIST_KEY_UIRequiresFullScreen = YES;
				INFOPLIST_KEY_UISupportedInterfaceOrientations = "UIInterfaceOrientationLandscapeLeft UIInterfaceOrientationLandscapeRight";
				LD_RUNPATH_SEARCH_PATHS = (
					"$(inherited)",
					"@executable_path/Frameworks",
				);
				MARKETING_VERSION = 1.0;
				PRODUCT_BUNDLE_IDENTIFIER = kylolz.Tippy;
				PRODUCT_NAME = "$(TARGET_NAME)";
				SWIFT_EMIT_LOC_STRINGS = YES;
				SWIFT_VERSION = 5.0;
				TARGETED_DEVICE_FAMILY = "1,2";
			};
			name = Debug;
		};
		259E48092B5DD42100FC7FE5 /* Release */ = {
			isa = XCBuildConfiguration;
			buildSettings = {
				ASSETCATALOG_COMPILER_APPICON_NAME = AppIcon;
				ASSETCATALOG_COMPILER_GLOBAL_ACCENT_COLOR_NAME = AccentColor;
				CODE_SIGN_STYLE = Automatic;
				CURRENT_PROJECT_VERSION = 1;
				DEVELOPMENT_ASSET_PATHS = "\"Tippy/Preview Content\"";
				DEVELOPMENT_TEAM = S2NZ6Z2S5D;
				ENABLE_PREVIEWS = YES;
				GENERATE_INFOPLIST_FILE = YES;
				INFOPLIST_KEY_LSApplicationCategoryType = "public.app-category.simulation-games";
				INFOPLIST_KEY_UIApplicationSceneManifest_Generation = YES;
				INFOPLIST_KEY_UIApplicationSupportsIndirectInputEvents = YES;
				INFOPLIST_KEY_UILaunchScreen_Generation = YES;
				INFOPLIST_KEY_UIRequiresFullScreen = YES;
				INFOPLIST_KEY_UISupportedInterfaceOrientations = "UIInterfaceOrientationLandscapeLeft UIInterfaceOrientationLandscapeRight";
				LD_RUNPATH_SEARCH_PATHS = (
					"$(inherited)",
					"@executable_path/Frameworks",
				);
				MARKETING_VERSION = 1.0;
				PRODUCT_BUNDLE_IDENTIFIER = kylolz.Tippy;
				PRODUCT_NAME = "$(TARGET_NAME)";
				SWIFT_EMIT_LOC_STRINGS = YES;
				SWIFT_VERSION = 5.0;
				TARGETED_DEVICE_FAMILY = "1,2";
			};
			name = Release;
		};
		259E480B2B5DD42100FC7FE5 /* Debug */ = {
			isa = XCBuildConfiguration;
			buildSettings = {
				ALWAYS_EMBED_SWIFT_STANDARD_LIBRARIES = YES;
				BUNDLE_LOADER = "$(TEST_HOST)";
				CODE_SIGN_STYLE = Automatic;
				CURRENT_PROJECT_VERSION = 1;
				DEVELOPMENT_TEAM = S2NZ6Z2S5D;
				GENERATE_INFOPLIST_FILE = YES;
				IPHONEOS_DEPLOYMENT_TARGET = 17.2;
				MARKETING_VERSION = 1.0;
				PRODUCT_BUNDLE_IDENTIFIER = kylolz.TippyTests;
				PRODUCT_NAME = "$(TARGET_NAME)";
				SWIFT_EMIT_LOC_STRINGS = NO;
				SWIFT_VERSION = 5.0;
				TARGETED_DEVICE_FAMILY = "1,2";
				TEST_HOST = "$(BUILT_PRODUCTS_DIR)/Tippy.app/$(BUNDLE_EXECUTABLE_FOLDER_PATH)/Tippy";
			};
			name = Debug;
		};
		259E480C2B5DD42100FC7FE5 /* Release */ = {
			isa = XCBuildConfiguration;
			buildSettings = {
				ALWAYS_EMBED_SWIFT_STANDARD_LIBRARIES = YES;
				BUNDLE_LOADER = "$(TEST_HOST)";
				CODE_SIGN_STYLE = Automatic;
				CURRENT_PROJECT_VERSION = 1;
				DEVELOPMENT_TEAM = S2NZ6Z2S5D;
				GENERATE_INFOPLIST_FILE = YES;
				IPHONEOS_DEPLOYMENT_TARGET = 17.2;
				MARKETING_VERSION = 1.0;
				PRODUCT_BUNDLE_IDENTIFIER = kylolz.TippyTests;
				PRODUCT_NAME = "$(TARGET_NAME)";
				SWIFT_EMIT_LOC_STRINGS = NO;
				SWIFT_VERSION = 5.0;
				TARGETED_DEVICE_FAMILY = "1,2";
				TEST_HOST = "$(BUILT_PRODUCTS_DIR)/Tippy.app/$(BUNDLE_EXECUTABLE_FOLDER_PATH)/Tippy";
			};
			name = Release;
		};
		259E480E2B5DD42100FC7FE5 /* Debug */ = {
			isa = XCBuildConfiguration;
			buildSettings = {
				ALWAYS_EMBED_SWIFT_STANDARD_LIBRARIES = YES;
				CODE_SIGN_STYLE = Automatic;
				CURRENT_PROJECT_VERSION = 1;
				DEVELOPMENT_TEAM = S2NZ6Z2S5D;
				GENERATE_INFOPLIST_FILE = YES;
				MARKETING_VERSION = 1.0;
				PRODUCT_BUNDLE_IDENTIFIER = kylolz.TippyUITests;
				PRODUCT_NAME = "$(TARGET_NAME)";
				SWIFT_EMIT_LOC_STRINGS = NO;
				SWIFT_VERSION = 5.0;
				TARGETED_DEVICE_FAMILY = "1,2";
				TEST_TARGET_NAME = Tippy;
			};
			name = Debug;
		};
		259E480F2B5DD42100FC7FE5 /* Release */ = {
			isa = XCBuildConfiguration;
			buildSettings = {
				ALWAYS_EMBED_SWIFT_STANDARD_LIBRARIES = YES;
				CODE_SIGN_STYLE = Automatic;
				CURRENT_PROJECT_VERSION = 1;
				DEVELOPMENT_TEAM = S2NZ6Z2S5D;
				GENERATE_INFOPLIST_FILE = YES;
				MARKETING_VERSION = 1.0;
				PRODUCT_BUNDLE_IDENTIFIER = kylolz.TippyUITests;
				PRODUCT_NAME = "$(TARGET_NAME)";
				SWIFT_EMIT_LOC_STRINGS = NO;
				SWIFT_VERSION = 5.0;
				TARGETED_DEVICE_FAMILY = "1,2";
				TEST_TARGET_NAME = Tippy;
			};
			name = Release;
		};
/* End XCBuildConfiguration section */

/* Begin XCConfigurationList section */
		259E47DE2B5DD41F00FC7FE5 /* Build configuration list for PBXProject "Tippy" */ = {
			isa = XCConfigurationList;
			buildConfigurations = (
				259E48052B5DD42100FC7FE5 /* Debug */,
				259E48062B5DD42100FC7FE5 /* Release */,
			);
			defaultConfigurationIsVisible = 0;
			defaultConfigurationName = Release;
		};
		259E48072B5DD42100FC7FE5 /* Build configuration list for PBXNativeTarget "Tippy" */ = {
			isa = XCConfigurationList;
			buildConfigurations = (
				259E48082B5DD42100FC7FE5 /* Debug */,
				259E48092B5DD42100FC7FE5 /* Release */,
			);
			defaultConfigurationIsVisible = 0;
			defaultConfigurationName = Release;
		};
		259E480A2B5DD42100FC7FE5 /* Build configuration list for PBXNativeTarget "TippyTests" */ = {
			isa = XCConfigurationList;
			buildConfigurations = (
				259E480B2B5DD42100FC7FE5 /* Debug */,
				259E480C2B5DD42100FC7FE5 /* Release */,
			);
			defaultConfigurationIsVisible = 0;
			defaultConfigurationName = Release;
		};
		259E480D2B5DD42100FC7FE5 /* Build configuration list for PBXNativeTarget "TippyUITests" */ = {
			isa = XCConfigurationList;
			buildConfigurations = (
				259E480E2B5DD42100FC7FE5 /* Debug */,
				259E480F2B5DD42100FC7FE5 /* Release */,
			);
			defaultConfigurationIsVisible = 0;
			defaultConfigurationName = Release;
		};
/* End XCConfigurationList section */
	};
	rootObject = 259E47DB2B5DD41F00FC7FE5 /* Project object */;
}
